
Microsoft Visual Studio Solution File, Format Version 12.00
# Visual Studio 15
VisualStudioVersion = 15.0.27130.2003
MinimumVisualStudioVersion = 10.0.40219.1
Project("{FAE04EC0-301F-11D3-BF4B-00C04F79EFBC}") = "RevitPanel", "RevitPanel\RevitPanel.csproj", "{F856B2EC-FA4E-4498-A05F-157C4E9C9333}"
EndProject
Global
	GlobalSection(SolutionConfigurationPlatforms) = preSolution
		Debug|Any CPU = Debug|Any CPU
		Debug|x64 = Debug|x64
		Release|Any CPU = Release|Any CPU
		Release|x64 = Release|x64
	EndGlobalSection
	GlobalSection(ProjectConfigurationPlatforms) = postSolution
		{F856B2EC-FA4E-4498-A05F-157C4E9C9333}.Debug|Any CPU.ActiveCfg = Debug|Any CPU
		{F856B2EC-FA4E-4498-A05F-157C4E9C9333}.Debug|Any CPU.Build.0 = Debug|Any CPU
		{F856B2EC-FA4E-4498-A05F-157C4E9C9333}.Debug|x64.ActiveCfg = Debug|x64
		{F856B2EC-FA4E-4498-A05F-157C4E9C9333}.Debug|x64.Build.0 = Debug|x64
		{F856B2EC-FA4E-4498-A05F-157C4E9C9333}.Release|Any CPU.ActiveCfg = Release|Any CPU
		{F856B2EC-FA4E-4498-A05F-157C4E9C9333}.Release|Any CPU.Build.0 = Release|Any CPU
		{F856B2EC-FA4E-4498-A05F-157C4E9C9333}.Release|x64.ActiveCfg = Release|x64
		{F856B2EC-FA4E-4498-A05F-157C4E9C9333}.Release|x64.Build.0 = Release|x64
	EndGlobalSection
	GlobalSection(SolutionProperties) = preSolution
		HideSolutionNode = FALSE
	EndGlobalSection
	GlobalSection(ExtensibilityGlobals) = postSolution
		SolutionGuid = {0C2637E5-A28C-429A-92F5-DA846986837C}
	EndGlobalSection
EndGlobal
